
Microsoft Visual Studio Solution File, Format Version 12.00
# Visual Studio Version 16
VisualStudioVersion = 16.0.31019.35
MinimumVisualStudioVersion = 10.0.40219.1
Project("{FAE04EC0-301F-11D3-BF4B-00C04F79EFBC}") = "1.1", "1.1\1.1.csproj", "{760B2532-1CEF-45B5-A8FF-CDA3CFC9ED2E}"
EndProject
Project("{FAE04EC0-301F-11D3-BF4B-00C04F79EFBC}") = "1.2", "1.2\1.2.csproj", "{6A383B4B-56B0-4B05-93D1-6FB6EFD73EF8}"
EndProject
Global
	GlobalSection(SolutionConfigurationPlatforms) = preSolution
		Debug|Any CPU = Debug|Any CPU
		Release|Any CPU = Release|Any CPU
	EndGlobalSection
	GlobalSection(ProjectConfigurationPlatforms) = postSolution
		{760B2532-1CEF-45B5-A8FF-CDA3CFC9ED2E}.Debug|Any CPU.ActiveCfg = Debug|Any CPU
		{760B2532-1CEF-45B5-A8FF-CDA3CFC9ED2E}.Debug|Any CPU.Build.0 = Debug|Any CPU
		{760B2532-1CEF-45B5-A8FF-CDA3CFC9ED2E}.Release|Any CPU.ActiveCfg = Release|Any CPU
		{760B2532-1CEF-45B5-A8FF-CDA3CFC9ED2E}.Release|Any CPU.Build.0 = Release|Any CPU
		{6A383B4B-56B0-4B05-93D1-6FB6EFD73EF8}.Debug|Any CPU.ActiveCfg = Debug|Any CPU
		{6A383B4B-56B0-4B05-93D1-6FB6EFD73EF8}.Debug|Any CPU.Build.0 = Debug|Any CPU
		{6A383B4B-56B0-4B05-93D1-6FB6EFD73EF8}.Release|Any CPU.ActiveCfg = Release|Any CPU
		{6A383B4B-56B0-4B05-93D1-6FB6EFD73EF8}.Release|Any CPU.Build.0 = Release|Any CPU
	EndGlobalSection
	GlobalSection(SolutionProperties) = preSolution
		HideSolutionNode = FALSE
	EndGlobalSection
	GlobalSection(ExtensibilityGlobals) = postSolution
		SolutionGuid = {BFDFCAA9-40F1-4549-89CC-2BF8C17D0683}
	EndGlobalSection
EndGlobal
